
Microsoft Visual Studio Solution File, Format Version 12.00
# Visual Studio Version 17
VisualStudioVersion = 17.0.31912.275
MinimumVisualStudioVersion = 10.0.40219.1
Project("{9A19103F-16F7-4668-BE54-9A1E7A4F7556}") = "lastpass-sso-net", "lastpass-sso-net\lastpass-sso-net.csproj", "{156C67D8-BD85-400E-803D-23EC164DFC24}"
EndProject
Project("{FAE04EC0-301F-11D3-BF4B-00C04F79EFBC}") = "LastPassSSOHelper", "LastPassSSOHelper\LastPassSSOHelper.csproj", "{F180E92D-0C80-43CF-81EE-E0BE4EDF3416}"
EndProject
Global
	GlobalSection(SolutionConfigurationPlatforms) = preSolution
		Debug|Any CPU = Debug|Any CPU
		Release|Any CPU = Release|Any CPU
	EndGlobalSection
	GlobalSection(ProjectConfigurationPlatforms) = postSolution
		{156C67D8-BD85-400E-803D-23EC164DFC24}.Debug|Any CPU.ActiveCfg = Debug|Any CPU
		{156C67D8-BD85-400E-803D-23EC164DFC24}.Debug|Any CPU.Build.0 = Debug|Any CPU
		{156C67D8-BD85-400E-803D-23EC164DFC24}.Release|Any CPU.ActiveCfg = Release|Any CPU
		{156C67D8-BD85-400E-803D-23EC164DFC24}.Release|Any CPU.Build.0 = Release|Any CPU
		{F180E92D-0C80-43CF-81EE-E0BE4EDF3416}.Debug|Any CPU.ActiveCfg = Debug|Any CPU
		{F180E92D-0C80-43CF-81EE-E0BE4EDF3416}.Debug|Any CPU.Build.0 = Debug|Any CPU
		{F180E92D-0C80-43CF-81EE-E0BE4EDF3416}.Release|Any CPU.ActiveCfg = Release|Any CPU
		{F180E92D-0C80-43CF-81EE-E0BE4EDF3416}.Release|Any CPU.Build.0 = Release|Any CPU
	EndGlobalSection
	GlobalSection(SolutionProperties) = preSolution
		HideSolutionNode = FALSE
	EndGlobalSection
	GlobalSection(ExtensibilityGlobals) = postSolution
		SolutionGuid = {A9883B24-DC3C-4863-AC42-86EBEB404C8F}
	EndGlobalSection
EndGlobal
